
Microsoft Visual Studio Solution File, Format Version 12.00
# Visual Studio 15
VisualStudioVersion = 15.0.28010.2046
MinimumVisualStudioVersion = 10.0.40219.1
Project("{FAE04EC0-301F-11D3-BF4B-00C04F79EFBC}") = "switchtask2", "switchtask2\switchtask2.csproj", "{683D12D0-3EA3-4953-A908-FC02C57320A2}"
EndProject
Global
	GlobalSection(SolutionConfigurationPlatforms) = preSolution
		Debug|Any CPU = Debug|Any CPU
		Release|Any CPU = Release|Any CPU
	EndGlobalSection
	GlobalSection(ProjectConfigurationPlatforms) = postSolution
		{683D12D0-3EA3-4953-A908-FC02C57320A2}.Debug|Any CPU.ActiveCfg = Debug|Any CPU
		{683D12D0-3EA3-4953-A908-FC02C57320A2}.Debug|Any CPU.Build.0 = Debug|Any CPU
		{683D12D0-3EA3-4953-A908-FC02C57320A2}.Release|Any CPU.ActiveCfg = Release|Any CPU
		{683D12D0-3EA3-4953-A908-FC02C57320A2}.Release|Any CPU.Build.0 = Release|Any CPU
	EndGlobalSection
	GlobalSection(SolutionProperties) = preSolution
		HideSolutionNode = FALSE
	EndGlobalSection
	GlobalSection(ExtensibilityGlobals) = postSolution
		SolutionGuid = {811E9337-0230-47F7-841A-938B64C4437E}
	EndGlobalSection
EndGlobal
