
Microsoft Visual Studio Solution File, Format Version 12.00
# Visual Studio 15
VisualStudioVersion = 15.0.28010.2046
MinimumVisualStudioVersion = 10.0.40219.1
Project("{FAE04EC0-301F-11D3-BF4B-00C04F79EFBC}") = "Week3", "Week3\Week3.csproj", "{56DB3E4F-FF1F-43DC-9F40-CD31EA192EF4}"
EndProject
Global
	GlobalSection(SolutionConfigurationPlatforms) = preSolution
		Debug|Any CPU = Debug|Any CPU
		Release|Any CPU = Release|Any CPU
	EndGlobalSection
	GlobalSection(ProjectConfigurationPlatforms) = postSolution
		{56DB3E4F-FF1F-43DC-9F40-CD31EA192EF4}.Debug|Any CPU.ActiveCfg = Debug|Any CPU
		{56DB3E4F-FF1F-43DC-9F40-CD31EA192EF4}.Debug|Any CPU.Build.0 = Debug|Any CPU
		{56DB3E4F-FF1F-43DC-9F40-CD31EA192EF4}.Release|Any CPU.ActiveCfg = Release|Any CPU
		{56DB3E4F-FF1F-43DC-9F40-CD31EA192EF4}.Release|Any CPU.Build.0 = Release|Any CPU
	EndGlobalSection
	GlobalSection(SolutionProperties) = preSolution
		HideSolutionNode = FALSE
	EndGlobalSection
	GlobalSection(ExtensibilityGlobals) = postSolution
		SolutionGuid = {891F540F-75EF-4DF4-B52A-CD74C6263B3B}
	EndGlobalSection
EndGlobal
